
Microsoft Visual Studio Solution File, Format Version 12.00
# Visual Studio Version 17
VisualStudioVersion = 17.10.35013.160
MinimumVisualStudioVersion = 10.0.40219.1
Project("{FAE04EC0-301F-11D3-BF4B-00C04F79EFBC}") = "ConsoleApp15", "ConsoleApp15.csproj", "{BC7E7BE0-497A-41EA-9052-8CE68E71221F}"
EndProject
Global
	GlobalSection(SolutionConfigurationPlatforms) = preSolution
		Debug|Any CPU = Debug|Any CPU
		Release|Any CPU = Release|Any CPU
	EndGlobalSection
	GlobalSection(ProjectConfigurationPlatforms) = postSolution
		{BC7E7BE0-497A-41EA-9052-8CE68E71221F}.Debug|Any CPU.ActiveCfg = Debug|Any CPU
		{BC7E7BE0-497A-41EA-9052-8CE68E71221F}.Debug|Any CPU.Build.0 = Debug|Any CPU
		{BC7E7BE0-497A-41EA-9052-8CE68E71221F}.Release|Any CPU.ActiveCfg = Release|Any CPU
		{BC7E7BE0-497A-41EA-9052-8CE68E71221F}.Release|Any CPU.Build.0 = Release|Any CPU
	EndGlobalSection
	GlobalSection(SolutionProperties) = preSolution
		HideSolutionNode = FALSE
	EndGlobalSection
	GlobalSection(ExtensibilityGlobals) = postSolution
		SolutionGuid = {F419D480-9938-45D9-AF7C-693E77788273}
	EndGlobalSection
EndGlobal
